// !$*UTF8*$!
{
	archiveVersion = 1;
	classes = {
	};
	objectVersion = 46;
	objects = {

/* Begin PBXBuildFile section */
		101406411EF8CB2100662E1E /* EyeController.swift in Sources */ = {isa = PBXBuildFile; fileRef = 101406401EF8CB2100662E1E /* EyeController.swift */; };
		101406431EF8CDAC00662E1E /* GroupController.swift in Sources */ = {isa = PBXBuildFile; fileRef = 101406421EF8CDAC00662E1E /* GroupController.swift */; };
		10259BEB1EF7A66F004E0A02 /* SelectImageViewController.swift in Sources */ = {isa = PBXBuildFile; fileRef = 10259BEA1EF7A66F004E0A02 /* SelectImageViewController.swift */; };
		10259BED1EF7B74F004E0A02 /* SelectImageFromLibraryViewController.swift in Sources */ = {isa = PBXBuildFile; fileRef = 10259BEC1EF7B74F004E0A02 /* SelectImageFromLibraryViewController.swift */; };
		103A96B01EF8D42E001DAC9F /* User.swift in Sources */ = {isa = PBXBuildFile; fileRef = 103A96AF1EF8D42E001DAC9F /* User.swift */; };
		103A96B21EF8D7EF001DAC9F /* HomeFeedCollectionViewCell.swift in Sources */ = {isa = PBXBuildFile; fileRef = 103A96B11EF8D7EF001DAC9F /* HomeFeedCollectionViewCell.swift */; };
		103A96B41EF8DD18001DAC9F /* PostImages.swift in Sources */ = {isa = PBXBuildFile; fileRef = 103A96B31EF8DD18001DAC9F /* PostImages.swift */; };
		10631BE31EF2917C000FB07F /* PostTwoVerticalFrame.swift in Sources */ = {isa = PBXBuildFile; fileRef = 10631BE21EF2917C000FB07F /* PostTwoVerticalFrame.swift */; };
		1096784B1EF3C915006CE3E3 /* Post.swift in Sources */ = {isa = PBXBuildFile; fileRef = 1096784A1EF3C915006CE3E3 /* Post.swift */; };
		1096784D1EF3CB68006CE3E3 /* Helpers.swift in Sources */ = {isa = PBXBuildFile; fileRef = 1096784C1EF3CB68006CE3E3 /* Helpers.swift */; };
		1096784F1EF3D081006CE3E3 /* PostFourFramesViewController.swift in Sources */ = {isa = PBXBuildFile; fileRef = 1096784E1EF3D081006CE3E3 /* PostFourFramesViewController.swift */; };
		10A45DB41EF930FC00880BD3 /* ProfileViewController.swift in Sources */ = {isa = PBXBuildFile; fileRef = 10A45DB31EF930FC00880BD3 /* ProfileViewController.swift */; };
		10ABFF441EF250940087F05F /* AppDelegate.swift in Sources */ = {isa = PBXBuildFile; fileRef = 10ABFF431EF250940087F05F /* AppDelegate.swift */; };
		10ABFF461EF250940087F05F /* LoginViewController.swift in Sources */ = {isa = PBXBuildFile; fileRef = 10ABFF451EF250940087F05F /* LoginViewController.swift */; };
		10ABFF491EF250940087F05F /* Main.storyboard in Resources */ = {isa = PBXBuildFile; fileRef = 10ABFF471EF250940087F05F /* Main.storyboard */; };
		10ABFF4B1EF250940087F05F /* Assets.xcassets in Resources */ = {isa = PBXBuildFile; fileRef = 10ABFF4A1EF250940087F05F /* Assets.xcassets */; };
		10ABFF4E1EF250940087F05F /* LaunchScreen.storyboard in Resources */ = {isa = PBXBuildFile; fileRef = 10ABFF4C1EF250940087F05F /* LaunchScreen.storyboard */; };
		10ABFF591EF250950087F05F /* UnsayMaauTests.swift in Sources */ = {isa = PBXBuildFile; fileRef = 10ABFF581EF250950087F05F /* UnsayMaauTests.swift */; };
		10ABFF641EF250950087F05F /* UnsayMaauUITests.swift in Sources */ = {isa = PBXBuildFile; fileRef = 10ABFF631EF250950087F05F /* UnsayMaauUITests.swift */; };
		10ABFF771EF258230087F05F /* GoogleService-Info.plist in Resources */ = {isa = PBXBuildFile; fileRef = 10ABFF761EF258230087F05F /* GoogleService-Info.plist */; };
		10ABFF791EF2A25C0087F05F /* SelectFrameViewController.swift in Sources */ = {isa = PBXBuildFile; fileRef = 10ABFF781EF2A25C0087F05F /* SelectFrameViewController.swift */; };
		10D294941EF27184008F84B2 /* HomeRoot.swift in Sources */ = {isa = PBXBuildFile; fileRef = 10D294931EF27184008F84B2 /* HomeRoot.swift */; };
		10D294961EF27774008F84B2 /* HomePostController.swift in Sources */ = {isa = PBXBuildFile; fileRef = 10D294951EF27774008F84B2 /* HomePostController.swift */; };
		73FFA8EDB762139FAC9B42A8 /* Pods_UnsayMaauTests.framework in Frameworks */ = {isa = PBXBuildFile; fileRef = D60FF120BBA4BABB1BAE40C9 /* Pods_UnsayMaauTests.framework */; };
		790342CBA41FE31985F20439 /* Pods_UnsayMaau.framework in Frameworks */ = {isa = PBXBuildFile; fileRef = B2F3083FE279D994DFAFADE4 /* Pods_UnsayMaau.framework */; };
		DA4B0E4012D3713B31ECDB72 /* Pods_UnsayMaauUITests.framework in Frameworks */ = {isa = PBXBuildFile; fileRef = 6AA121ED094E467C3F07E62F /* Pods_UnsayMaauUITests.framework */; };
/* End PBXBuildFile section */

/* Begin PBXContainerItemProxy section */
		10ABFF551EF250950087F05F /* PBXContainerItemProxy */ = {
			isa = PBXContainerItemProxy;
			containerPortal = 10ABFF381EF250940087F05F /* Project object */;
			proxyType = 1;
			remoteGlobalIDString = 10ABFF3F1EF250940087F05F;
			remoteInfo = UnsayMaau;
		};
		10ABFF601EF250950087F05F /* PBXContainerItemProxy */ = {
			isa = PBXContainerItemProxy;
			containerPortal = 10ABFF381EF250940087F05F /* Project object */;
			proxyType = 1;
			remoteGlobalIDString = 10ABFF3F1EF250940087F05F;
			remoteInfo = UnsayMaau;
		};
/* End PBXContainerItemProxy section */

/* Begin PBXFileReference section */
		101406401EF8CB2100662E1E /* EyeController.swift */ = {isa = PBXFileReference; fileEncoding = 4; lastKnownFileType = sourcecode.swift; path = EyeController.swift; sourceTree = "<group>"; };
		101406421EF8CDAC00662E1E /* GroupController.swift */ = {isa = PBXFileReference; fileEncoding = 4; lastKnownFileType = sourcecode.swift; path = GroupController.swift; sourceTree = "<group>"; };
		10259BEA1EF7A66F004E0A02 /* SelectImageViewController.swift */ = {isa = PBXFileReference; fileEncoding = 4; lastKnownFileType = sourcecode.swift; path = SelectImageViewController.swift; sourceTree = "<group>"; };
		10259BEC1EF7B74F004E0A02 /* SelectImageFromLibraryViewController.swift */ = {isa = PBXFileReference; fileEncoding = 4; lastKnownFileType = sourcecode.swift; path = SelectImageFromLibraryViewController.swift; sourceTree = "<group>"; };
		103A96AF1EF8D42E001DAC9F /* User.swift */ = {isa = PBXFileReference; fileEncoding = 4; lastKnownFileType = sourcecode.swift; path = User.swift; sourceTree = "<group>"; };
		103A96B11EF8D7EF001DAC9F /* HomeFeedCollectionViewCell.swift */ = {isa = PBXFileReference; fileEncoding = 4; lastKnownFileType = sourcecode.swift; path = HomeFeedCollectionViewCell.swift; sourceTree = "<group>"; };
		103A96B31EF8DD18001DAC9F /* PostImages.swift */ = {isa = PBXFileReference; fileEncoding = 4; lastKnownFileType = sourcecode.swift; path = PostImages.swift; sourceTree = "<group>"; };
		10631BE21EF2917C000FB07F /* PostTwoVerticalFrame.swift */ = {isa = PBXFileReference; fileEncoding = 4; lastKnownFileType = sourcecode.swift; path = PostTwoVerticalFrame.swift; sourceTree = "<group>"; };
		1096784A1EF3C915006CE3E3 /* Post.swift */ = {isa = PBXFileReference; fileEncoding = 4; lastKnownFileType = sourcecode.swift; path = Post.swift; sourceTree = "<group>"; };
		1096784C1EF3CB68006CE3E3 /* Helpers.swift */ = {isa = PBXFileReference; fileEncoding = 4; lastKnownFileType = sourcecode.swift; path = Helpers.swift; sourceTree = "<group>"; };
		1096784E1EF3D081006CE3E3 /* PostFourFramesViewController.swift */ = {isa = PBXFileReference; fileEncoding = 4; lastKnownFileType = sourcecode.swift; path = PostFourFramesViewController.swift; sourceTree = "<group>"; };
		10A45DB31EF930FC00880BD3 /* ProfileViewController.swift */ = {isa = PBXFileReference; fileEncoding = 4; lastKnownFileType = sourcecode.swift; path = ProfileViewController.swift; sourceTree = "<group>"; };
		10ABFF401EF250940087F05F /* UnsayMaau.app */ = {isa = PBXFileReference; explicitFileType = wrapper.application; includeInIndex = 0; path = UnsayMaau.app; sourceTree = BUILT_PRODUCTS_DIR; };
		10ABFF431EF250940087F05F /* AppDelegate.swift */ = {isa = PBXFileReference; lastKnownFileType = sourcecode.swift; path = AppDelegate.swift; sourceTree = "<group>"; };
		10ABFF451EF250940087F05F /* LoginViewController.swift */ = {isa = PBXFileReference; lastKnownFileType = sourcecode.swift; path = LoginViewController.swift; sourceTree = "<group>"; };
		10ABFF481EF250940087F05F /* Base */ = {isa = PBXFileReference; lastKnownFileType = file.storyboard; name = Base; path = Base.lproj/Main.storyboard; sourceTree = "<group>"; };
		10ABFF4A1EF250940087F05F /* Assets.xcassets */ = {isa = PBXFileReference; lastKnownFileType = folder.assetcatalog; path = Assets.xcassets; sourceTree = "<group>"; };
		10ABFF4D1EF250940087F05F /* Base */ = {isa = PBXFileReference; lastKnownFileType = file.storyboard; name = Base; path = Base.lproj/LaunchScreen.storyboard; sourceTree = "<group>"; };
		10ABFF4F1EF250950087F05F /* Info.plist */ = {isa = PBXFileReference; lastKnownFileType = text.plist.xml; path = Info.plist; sourceTree = "<group>"; };
		10ABFF541EF250950087F05F /* UnsayMaauTests.xctest */ = {isa = PBXFileReference; explicitFileType = wrapper.cfbundle; includeInIndex = 0; path = UnsayMaauTests.xctest; sourceTree = BUILT_PRODUCTS_DIR; };
		10ABFF581EF250950087F05F /* UnsayMaauTests.swift */ = {isa = PBXFileReference; lastKnownFileType = sourcecode.swift; path = UnsayMaauTests.swift; sourceTree = "<group>"; };
		10ABFF5A1EF250950087F05F /* Info.plist */ = {isa = PBXFileReference; lastKnownFileType = text.plist.xml; path = Info.plist; sourceTree = "<group>"; };
		10ABFF5F1EF250950087F05F /* UnsayMaauUITests.xctest */ = {isa = PBXFileReference; explicitFileType = wrapper.cfbundle; includeInIndex = 0; path = UnsayMaauUITests.xctest; sourceTree = BUILT_PRODUCTS_DIR; };
		10ABFF631EF250950087F05F /* UnsayMaauUITests.swift */ = {isa = PBXFileReference; lastKnownFileType = sourcecode.swift; path = UnsayMaauUITests.swift; sourceTree = "<group>"; };
		10ABFF651EF250950087F05F /* Info.plist */ = {isa = PBXFileReference; lastKnownFileType = text.plist.xml; path = Info.plist; sourceTree = "<group>"; };
		10ABFF761EF258230087F05F /* GoogleService-Info.plist */ = {isa = PBXFileReference; fileEncoding = 4; lastKnownFileType = text.plist.xml; path = "GoogleService-Info.plist"; sourceTree = "<group>"; };
		10ABFF781EF2A25C0087F05F /* SelectFrameViewController.swift */ = {isa = PBXFileReference; fileEncoding = 4; lastKnownFileType = sourcecode.swift; path = SelectFrameViewController.swift; sourceTree = "<group>"; };
		10D294931EF27184008F84B2 /* HomeRoot.swift */ = {isa = PBXFileReference; fileEncoding = 4; lastKnownFileType = sourcecode.swift; path = HomeRoot.swift; sourceTree = "<group>"; };
		10D294951EF27774008F84B2 /* HomePostController.swift */ = {isa = PBXFileReference; fileEncoding = 4; lastKnownFileType = sourcecode.swift; path = HomePostController.swift; sourceTree = "<group>"; };
		1673A9EBECCD2AE697E814CE /* Pods-UnsayMaauUITests.debug.xcconfig */ = {isa = PBXFileReference; includeInIndex = 1; lastKnownFileType = text.xcconfig; name = "Pods-UnsayMaauUITests.debug.xcconfig"; path = "Pods/Target Support Files/Pods-UnsayMaauUITests/Pods-UnsayMaauUITests.debug.xcconfig"; sourceTree = "<group>"; };
		4359148D4201D62F217471DA /* Pods-UnsayMaauTests.debug.xcconfig */ = {isa = PBXFileReference; includeInIndex = 1; lastKnownFileType = text.xcconfig; name = "Pods-UnsayMaauTests.debug.xcconfig"; path = "Pods/Target Support Files/Pods-UnsayMaauTests/Pods-UnsayMaauTests.debug.xcconfig"; sourceTree = "<group>"; };
		6AA121ED094E467C3F07E62F /* Pods_UnsayMaauUITests.framework */ = {isa = PBXFileReference; explicitFileType = wrapper.framework; includeInIndex = 0; path = Pods_UnsayMaauUITests.framework; sourceTree = BUILT_PRODUCTS_DIR; };
		74EA516F617F9B7C8448DE15 /* Pods-UnsayMaauTests.release.xcconfig */ = {isa = PBXFileReference; includeInIndex = 1; lastKnownFileType = text.xcconfig; name = "Pods-UnsayMaauTests.release.xcconfig"; path = "Pods/Target Support Files/Pods-UnsayMaauTests/Pods-UnsayMaauTests.release.xcconfig"; sourceTree = "<group>"; };
		814EB9E6BA18B2B4E0530A80 /* Pods-UnsayMaau.debug.xcconfig */ = {isa = PBXFileReference; includeInIndex = 1; lastKnownFileType = text.xcconfig; name = "Pods-UnsayMaau.debug.xcconfig"; path = "Pods/Target Support Files/Pods-UnsayMaau/Pods-UnsayMaau.debug.xcconfig"; sourceTree = "<group>"; };
		92A29CE36657E3059BB4B0E6 /* Pods-UnsayMaau.release.xcconfig */ = {isa = PBXFileReference; includeInIndex = 1; lastKnownFileType = text.xcconfig; name = "Pods-UnsayMaau.release.xcconfig"; path = "Pods/Target Support Files/Pods-UnsayMaau/Pods-UnsayMaau.release.xcconfig"; sourceTree = "<group>"; };
		B2F3083FE279D994DFAFADE4 /* Pods_UnsayMaau.framework */ = {isa = PBXFileReference; explicitFileType = wrapper.framework; includeInIndex = 0; path = Pods_UnsayMaau.framework; sourceTree = BUILT_PRODUCTS_DIR; };
		D60FF120BBA4BABB1BAE40C9 /* Pods_UnsayMaauTests.framework */ = {isa = PBXFileReference; explicitFileType = wrapper.framework; includeInIndex = 0; path = Pods_UnsayMaauTests.framework; sourceTree = BUILT_PRODUCTS_DIR; };
		F9D422119C34CE9FBC49A9F7 /* Pods-UnsayMaauUITests.release.xcconfig */ = {isa = PBXFileReference; includeInIndex = 1; lastKnownFileType = text.xcconfig; name = "Pods-UnsayMaauUITests.release.xcconfig"; path = "Pods/Target Support Files/Pods-UnsayMaauUITests/Pods-UnsayMaauUITests.release.xcconfig"; sourceTree = "<group>"; };
/* End PBXFileReference section */

/* Begin PBXFrameworksBuildPhase section */
		10ABFF3D1EF250940087F05F /* Frameworks */ = {
			isa = PBXFrameworksBuildPhase;
			buildActionMask = 2147483647;
			files = (
				790342CBA41FE31985F20439 /* Pods_UnsayMaau.framework in Frameworks */,
			);
			runOnlyForDeploymentPostprocessing = 0;
		};
		10ABFF511EF250950087F05F /* Frameworks */ = {
			isa = PBXFrameworksBuildPhase;
			buildActionMask = 2147483647;
			files = (
				73FFA8EDB762139FAC9B42A8 /* Pods_UnsayMaauTests.framework in Frameworks */,
			);
			runOnlyForDeploymentPostprocessing = 0;
		};
		10ABFF5C1EF250950087F05F /* Frameworks */ = {
			isa = PBXFrameworksBuildPhase;
			buildActionMask = 2147483647;
			files = (
				DA4B0E4012D3713B31ECDB72 /* Pods_UnsayMaauUITests.framework in Frameworks */,
			);
			runOnlyForDeploymentPostprocessing = 0;
		};
/* End PBXFrameworksBuildPhase section */

/* Begin PBXGroup section */
		10ABFF371EF250940087F05F = {
			isa = PBXGroup;
			children = (
				10ABFF421EF250940087F05F /* UnsayMaau */,
				10ABFF571EF250950087F05F /* UnsayMaauTests */,
				10ABFF621EF250950087F05F /* UnsayMaauUITests */,
				10ABFF411EF250940087F05F /* Products */,
				4849255B76C2503599C06F09 /* Pods */,
				B274570DA817138855F7CA6B /* Frameworks */,
			);
			sourceTree = "<group>";
		};
		10ABFF411EF250940087F05F /* Products */ = {
			isa = PBXGroup;
			children = (
				10ABFF401EF250940087F05F /* UnsayMaau.app */,
				10ABFF541EF250950087F05F /* UnsayMaauTests.xctest */,
				10ABFF5F1EF250950087F05F /* UnsayMaauUITests.xctest */,
			);
			name = Products;
			sourceTree = "<group>";
		};
		10ABFF421EF250940087F05F /* UnsayMaau */ = {
			isa = PBXGroup;
			children = (
				10ABFF751EF2536E0087F05F /* Important Files */,
				10ABFF741EF253690087F05F /* Extension */,
				10ABFF731EF253640087F05F /* UI */,
				10ABFF721EF2535F0087F05F /* Models */,
				10ABFF711EF253560087F05F /* Controller */,
			);
			path = UnsayMaau;
			sourceTree = "<group>";
		};
		10ABFF571EF250950087F05F /* UnsayMaauTests */ = {
			isa = PBXGroup;
			children = (
				10ABFF581EF250950087F05F /* UnsayMaauTests.swift */,
				10ABFF5A1EF250950087F05F /* Info.plist */,
			);
			path = UnsayMaauTests;
			sourceTree = "<group>";
		};
		10ABFF621EF250950087F05F /* UnsayMaauUITests */ = {
			isa = PBXGroup;
			children = (
				10ABFF631EF250950087F05F /* UnsayMaauUITests.swift */,
				10ABFF651EF250950087F05F /* Info.plist */,
			);
			path = UnsayMaauUITests;
			sourceTree = "<group>";
		};
		10ABFF711EF253560087F05F /* Controller */ = {
			isa = PBXGroup;
			children = (
				10ABFF451EF250940087F05F /* LoginViewController.swift */,
				10D294931EF27184008F84B2 /* HomeRoot.swift */,
				10D294951EF27774008F84B2 /* HomePostController.swift */,
				10631BE21EF2917C000FB07F /* PostTwoVerticalFrame.swift */,
				10ABFF781EF2A25C0087F05F /* SelectFrameViewController.swift */,
				1096784E1EF3D081006CE3E3 /* PostFourFramesViewController.swift */,
				10259BEA1EF7A66F004E0A02 /* SelectImageViewController.swift */,
				10259BEC1EF7B74F004E0A02 /* SelectImageFromLibraryViewController.swift */,
				101406401EF8CB2100662E1E /* EyeController.swift */,
				101406421EF8CDAC00662E1E /* GroupController.swift */,
				103A96B11EF8D7EF001DAC9F /* HomeFeedCollectionViewCell.swift */,
				10A45DB31EF930FC00880BD3 /* ProfileViewController.swift */,
			);
			name = Controller;
			sourceTree = "<group>";
		};
		10ABFF721EF2535F0087F05F /* Models */ = {
			isa = PBXGroup;
			children = (
				1096784A1EF3C915006CE3E3 /* Post.swift */,
				103A96AF1EF8D42E001DAC9F /* User.swift */,
				103A96B31EF8DD18001DAC9F /* PostImages.swift */,
			);
			name = Models;
			sourceTree = "<group>";
		};
		10ABFF731EF253640087F05F /* UI */ = {
			isa = PBXGroup;
			children = (
				10ABFF471EF250940087F05F /* Main.storyboard */,
				10ABFF4A1EF250940087F05F /* Assets.xcassets */,
				10ABFF4C1EF250940087F05F /* LaunchScreen.storyboard */,
			);
			name = UI;
			sourceTree = "<group>";
		};
		10ABFF741EF253690087F05F /* Extension */ = {
			isa = PBXGroup;
			children = (
				1096784C1EF3CB68006CE3E3 /* Helpers.swift */,
			);
			name = Extension;
			sourceTree = "<group>";
		};
		10ABFF751EF2536E0087F05F /* Important Files */ = {
			isa = PBXGroup;
			children = (
				10ABFF761EF258230087F05F /* GoogleService-Info.plist */,
				10ABFF431EF250940087F05F /* AppDelegate.swift */,
				10ABFF4F1EF250950087F05F /* Info.plist */,
			);
			name = "Important Files";
			sourceTree = "<group>";
		};
		4849255B76C2503599C06F09 /* Pods */ = {
			isa = PBXGroup;
			children = (
				814EB9E6BA18B2B4E0530A80 /* Pods-UnsayMaau.debug.xcconfig */,
				92A29CE36657E3059BB4B0E6 /* Pods-UnsayMaau.release.xcconfig */,
				4359148D4201D62F217471DA /* Pods-UnsayMaauTests.debug.xcconfig */,
				74EA516F617F9B7C8448DE15 /* Pods-UnsayMaauTests.release.xcconfig */,
				1673A9EBECCD2AE697E814CE /* Pods-UnsayMaauUITests.debug.xcconfig */,
				F9D422119C34CE9FBC49A9F7 /* Pods-UnsayMaauUITests.release.xcconfig */,
			);
			name = Pods;
			sourceTree = "<group>";
		};
		B274570DA817138855F7CA6B /* Frameworks */ = {
			isa = PBXGroup;
			children = (
				B2F3083FE279D994DFAFADE4 /* Pods_UnsayMaau.framework */,
				D60FF120BBA4BABB1BAE40C9 /* Pods_UnsayMaauTests.framework */,
				6AA121ED094E467C3F07E62F /* Pods_UnsayMaauUITests.framework */,
			);
			name = Frameworks;
			sourceTree = "<group>";
		};
/* End PBXGroup section */

/* Begin PBXNativeTarget section */
		10ABFF3F1EF250940087F05F /* UnsayMaau */ = {
			isa = PBXNativeTarget;
			buildConfigurationList = 10ABFF681EF250950087F05F /* Build configuration list for PBXNativeTarget "UnsayMaau" */;
			buildPhases = (
				CE64BB733AA187C2D347611C /* [CP] Check Pods Manifest.lock */,
				10ABFF3C1EF250940087F05F /* Sources */,
				10ABFF3D1EF250940087F05F /* Frameworks */,
				10ABFF3E1EF250940087F05F /* Resources */,
				A2C0EBB8BEA2584479484AE0 /* [CP] Embed Pods Frameworks */,
				3C3523EDEB0F7663679CBA71 /* [CP] Copy Pods Resources */,
			);
			buildRules = (
			);
			dependencies = (
			);
			name = UnsayMaau;
			productName = UnsayMaau;
			productReference = 10ABFF401EF250940087F05F /* UnsayMaau.app */;
			productType = "com.apple.product-type.application";
		};
		10ABFF531EF250950087F05F /* UnsayMaauTests */ = {
			isa = PBXNativeTarget;
			buildConfigurationList = 10ABFF6B1EF250950087F05F /* Build configuration list for PBXNativeTarget "UnsayMaauTests" */;
			buildPhases = (
				42A31B4E601F8C4703C70D01 /* [CP] Check Pods Manifest.lock */,
				10ABFF501EF250950087F05F /* Sources */,
				10ABFF511EF250950087F05F /* Frameworks */,
				10ABFF521EF250950087F05F /* Resources */,
				C3360FDAB3E653E14A39E9F3 /* [CP] Embed Pods Frameworks */,
				CF581E95FB30819F7CAA1C6E /* [CP] Copy Pods Resources */,
			);
			buildRules = (
			);
			dependencies = (
				10ABFF561EF250950087F05F /* PBXTargetDependency */,
			);
			name = UnsayMaauTests;
			productName = UnsayMaauTests;
			productReference = 10ABFF541EF250950087F05F /* UnsayMaauTests.xctest */;
			productType = "com.apple.product-type.bundle.unit-test";
		};
		10ABFF5E1EF250950087F05F /* UnsayMaauUITests */ = {
			isa = PBXNativeTarget;
			buildConfigurationList = 10ABFF6E1EF250950087F05F /* Build configuration list for PBXNativeTarget "UnsayMaauUITests" */;
			buildPhases = (
				31A6D67C2E5F76C5306847E7 /* [CP] Check Pods Manifest.lock */,
				10ABFF5B1EF250950087F05F /* Sources */,
				10ABFF5C1EF250950087F05F /* Frameworks */,
				10ABFF5D1EF250950087F05F /* Resources */,
				C93FB4B73C1B6E4FBBD97535 /* [CP] Embed Pods Frameworks */,
				940705C1E699F722D778F625 /* [CP] Copy Pods Resources */,
			);
			buildRules = (
			);
			dependencies = (
				10ABFF611EF250950087F05F /* PBXTargetDependency */,
			);
			name = UnsayMaauUITests;
			productName = UnsayMaauUITests;
			productReference = 10ABFF5F1EF250950087F05F /* UnsayMaauUITests.xctest */;
			productType = "com.apple.product-type.bundle.ui-testing";
		};
/* End PBXNativeTarget section */

/* Begin PBXProject section */
		10ABFF381EF250940087F05F /* Project object */ = {
			isa = PBXProject;
			attributes = {
				LastSwiftUpdateCheck = 0830;
				LastUpgradeCheck = 0830;
				ORGANIZATIONNAME = Nexusbond;
				TargetAttributes = {
					10ABFF3F1EF250940087F05F = {
						CreatedOnToolsVersion = 8.3.2;
						ProvisioningStyle = Automatic;
					};
					10ABFF531EF250950087F05F = {
						CreatedOnToolsVersion = 8.3.2;
						ProvisioningStyle = Automatic;
						TestTargetID = 10ABFF3F1EF250940087F05F;
					};
					10ABFF5E1EF250950087F05F = {
						CreatedOnToolsVersion = 8.3.2;
						ProvisioningStyle = Automatic;
						TestTargetID = 10ABFF3F1EF250940087F05F;
					};
				};
			};
			buildConfigurationList = 10ABFF3B1EF250940087F05F /* Build configuration list for PBXProject "UnsayMaau" */;
			compatibilityVersion = "Xcode 3.2";
			developmentRegion = English;
			hasScannedForEncodings = 0;
			knownRegions = (
				en,
				Base,
			);
			mainGroup = 10ABFF371EF250940087F05F;
			productRefGroup = 10ABFF411EF250940087F05F /* Products */;
			projectDirPath = "";
			projectRoot = "";
			targets = (
				10ABFF3F1EF250940087F05F /* UnsayMaau */,
				10ABFF531EF250950087F05F /* UnsayMaauTests */,
				10ABFF5E1EF250950087F05F /* UnsayMaauUITests */,
			);
		};
/* End PBXProject section */

/* Begin PBXResourcesBuildPhase section */
		10ABFF3E1EF250940087F05F /* Resources */ = {
			isa = PBXResourcesBuildPhase;
			buildActionMask = 2147483647;
			files = (
				10ABFF4E1EF250940087F05F /* LaunchScreen.storyboard in Resources */,
				10ABFF771EF258230087F05F /* GoogleService-Info.plist in Resources */,
				10ABFF4B1EF250940087F05F /* Assets.xcassets in Resources */,
				10ABFF491EF250940087F05F /* Main.storyboard in Resources */,
			);
			runOnlyForDeploymentPostprocessing = 0;
		};
		10ABFF521EF250950087F05F /* Resources */ = {
			isa = PBXResourcesBuildPhase;
			buildActionMask = 2147483647;
			files = (
			);
			runOnlyForDeploymentPostprocessing = 0;
		};
		10ABFF5D1EF250950087F05F /* Resources */ = {
			isa = PBXResourcesBuildPhase;
			buildActionMask = 2147483647;
			files = (
			);
			runOnlyForDeploymentPostprocessing = 0;
		};
/* End PBXResourcesBuildPhase section */

/* Begin PBXShellScriptBuildPhase section */
		31A6D67C2E5F76C5306847E7 /* [CP] Check Pods Manifest.lock */ = {
			isa = PBXShellScriptBuildPhase;
			buildActionMask = 2147483647;
			files = (
			);
			inputPaths = (
			);
			name = "[CP] Check Pods Manifest.lock";
			outputPaths = (
			);
			runOnlyForDeploymentPostprocessing = 0;
			shellPath = /bin/sh;
			shellScript = "diff \"${PODS_PODFILE_DIR_PATH}/Podfile.lock\" \"${PODS_ROOT}/Manifest.lock\" > /dev/null\nif [ $? != 0 ] ; then\n    # print error to STDERR\n    echo \"error: The sandbox is not in sync with the Podfile.lock. Run 'pod install' or update your CocoaPods installation.\" >&2\n    exit 1\nfi\n";
			showEnvVarsInLog = 0;
		};
		3C3523EDEB0F7663679CBA71 /* [CP] Copy Pods Resources */ = {
			isa = PBXShellScriptBuildPhase;
			buildActionMask = 2147483647;
			files = (
			);
			inputPaths = (
			);
			name = "[CP] Copy Pods Resources";
			outputPaths = (
			);
			runOnlyForDeploymentPostprocessing = 0;
			shellPath = /bin/sh;
			shellScript = "\"${SRCROOT}/Pods/Target Support Files/Pods-UnsayMaau/Pods-UnsayMaau-resources.sh\"\n";
			showEnvVarsInLog = 0;
		};
		42A31B4E601F8C4703C70D01 /* [CP] Check Pods Manifest.lock */ = {
			isa = PBXShellScriptBuildPhase;
			buildActionMask = 2147483647;
			files = (
			);
			inputPaths = (
			);
			name = "[CP] Check Pods Manifest.lock";
			outputPaths = (
			);
			runOnlyForDeploymentPostprocessing = 0;
			shellPath = /bin/sh;
			shellScript = "diff \"${PODS_PODFILE_DIR_PATH}/Podfile.lock\" \"${PODS_ROOT}/Manifest.lock\" > /dev/null\nif [ $? != 0 ] ; then\n    # print error to STDERR\n    echo \"error: The sandbox is not in sync with the Podfile.lock. Run 'pod install' or update your CocoaPods installation.\" >&2\n    exit 1\nfi\n";
			showEnvVarsInLog = 0;
		};
		940705C1E699F722D778F625 /* [CP] Copy Pods Resources */ = {
			isa = PBXShellScriptBuildPhase;
			buildActionMask = 2147483647;
			files = (
			);
			inputPaths = (
			);
			name = "[CP] Copy Pods Resources";
			outputPaths = (
			);
			runOnlyForDeploymentPostprocessing = 0;
			shellPath = /bin/sh;
			shellScript = "\"${SRCROOT}/Pods/Target Support Files/Pods-UnsayMaauUITests/Pods-UnsayMaauUITests-resources.sh\"\n";
			showEnvVarsInLog = 0;
		};
		A2C0EBB8BEA2584479484AE0 /* [CP] Embed Pods Frameworks */ = {
			isa = PBXShellScriptBuildPhase;
			buildActionMask = 2147483647;
			files = (
			);
			inputPaths = (
			);
			name = "[CP] Embed Pods Frameworks";
			outputPaths = (
			);
			runOnlyForDeploymentPostprocessing = 0;
			shellPath = /bin/sh;
			shellScript = "\"${SRCROOT}/Pods/Target Support Files/Pods-UnsayMaau/Pods-UnsayMaau-frameworks.sh\"\n";
			showEnvVarsInLog = 0;
		};
		C3360FDAB3E653E14A39E9F3 /* [CP] Embed Pods Frameworks */ = {
			isa = PBXShellScriptBuildPhase;
			buildActionMask = 2147483647;
			files = (
			);
			inputPaths = (
			);
			name = "[CP] Embed Pods Frameworks";
			outputPaths = (
			);
			runOnlyForDeploymentPostprocessing = 0;
			shellPath = /bin/sh;
			shellScript = "\"${SRCROOT}/Pods/Target Support Files/Pods-UnsayMaauTests/Pods-UnsayMaauTests-frameworks.sh\"\n";
			showEnvVarsInLog = 0;
		};
		C93FB4B73C1B6E4FBBD97535 /* [CP] Embed Pods Frameworks */ = {
			isa = PBXShellScriptBuildPhase;
			buildActionMask = 2147483647;
			files = (
			);
			inputPaths = (
			);
			name = "[CP] Embed Pods Frameworks";
			outputPaths = (
			);
			runOnlyForDeploymentPostprocessing = 0;
			shellPath = /bin/sh;
			shellScript = "\"${SRCROOT}/Pods/Target Support Files/Pods-UnsayMaauUITests/Pods-UnsayMaauUITests-frameworks.sh\"\n";
			showEnvVarsInLog = 0;
		};
		CE64BB733AA187C2D347611C /* [CP] Check Pods Manifest.lock */ = {
			isa = PBXShellScriptBuildPhase;
			buildActionMask = 2147483647;
			files = (
			);
			inputPaths = (
			);
			name = "[CP] Check Pods Manifest.lock";
			outputPaths = (
			);
			runOnlyForDeploymentPostprocessing = 0;
			shellPath = /bin/sh;
			shellScript = "diff \"${PODS_PODFILE_DIR_PATH}/Podfile.lock\" \"${PODS_ROOT}/Manifest.lock\" > /dev/null\nif [ $? != 0 ] ; then\n    # print error to STDERR\n    echo \"error: The sandbox is not in sync with the Podfile.lock. Run 'pod install' or update your CocoaPods installation.\" >&2\n    exit 1\nfi\n";
			showEnvVarsInLog = 0;
		};
		CF581E95FB30819F7CAA1C6E /* [CP] Copy Pods Resources */ = {
			isa = PBXShellScriptBuildPhase;
			buildActionMask = 2147483647;
			files = (
			);
			inputPaths = (
			);
			name = "[CP] Copy Pods Resources";
			outputPaths = (
			);
			runOnlyForDeploymentPostprocessing = 0;
			shellPath = /bin/sh;
			shellScript = "\"${SRCROOT}/Pods/Target Support Files/Pods-UnsayMaauTests/Pods-UnsayMaauTests-resources.sh\"\n";
			showEnvVarsInLog = 0;
		};
/* End PBXShellScriptBuildPhase section */

/* Begin PBXSourcesBuildPhase section */
		10ABFF3C1EF250940087F05F /* Sources */ = {
			isa = PBXSourcesBuildPhase;
			buildActionMask = 2147483647;
			files = (
				10ABFF461EF250940087F05F /* LoginViewController.swift in Sources */,
				101406431EF8CDAC00662E1E /* GroupController.swift in Sources */,
				103A96B21EF8D7EF001DAC9F /* HomeFeedCollectionViewCell.swift in Sources */,
				101406411EF8CB2100662E1E /* EyeController.swift in Sources */,
				10ABFF441EF250940087F05F /* AppDelegate.swift in Sources */,
				10259BED1EF7B74F004E0A02 /* SelectImageFromLibraryViewController.swift in Sources */,
				10259BEB1EF7A66F004E0A02 /* SelectImageViewController.swift in Sources */,
				10A45DB41EF930FC00880BD3 /* ProfileViewController.swift in Sources */,
				103A96B41EF8DD18001DAC9F /* PostImages.swift in Sources */,
				103A96B01EF8D42E001DAC9F /* User.swift in Sources */,
				10D294961EF27774008F84B2 /* HomePostController.swift in Sources */,
				1096784D1EF3CB68006CE3E3 /* Helpers.swift in Sources */,
				10D294941EF27184008F84B2 /* HomeRoot.swift in Sources */,
				1096784F1EF3D081006CE3E3 /* PostFourFramesViewController.swift in Sources */,
				10ABFF791EF2A25C0087F05F /* SelectFrameViewController.swift in Sources */,
				1096784B1EF3C915006CE3E3 /* Post.swift in Sources */,
				10631BE31EF2917C000FB07F /* PostTwoVerticalFrame.swift in Sources */,
			);
			runOnlyForDeploymentPostprocessing = 0;
		};
		10ABFF501EF250950087F05F /* Sources */ = {
			isa = PBXSourcesBuildPhase;
			buildActionMask = 2147483647;
			files = (
				10ABFF591EF250950087F05F /* UnsayMaauTests.swift in Sources */,
			);
			runOnlyForDeploymentPostprocessing = 0;
		};
		10ABFF5B1EF250950087F05F /* Sources */ = {
			isa = PBXSourcesBuildPhase;
			buildActionMask = 2147483647;
			files = (
				10ABFF641EF250950087F05F /* UnsayMaauUITests.swift in Sources */,
			);
			runOnlyForDeploymentPostprocessing = 0;
		};
/* End PBXSourcesBuildPhase section */

/* Begin PBXTargetDependency section */
		10ABFF561EF250950087F05F /* PBXTargetDependency */ = {
			isa = PBXTargetDependency;
			target = 10ABFF3F1EF250940087F05F /* UnsayMaau */;
			targetProxy = 10ABFF551EF250950087F05F /* PBXContainerItemProxy */;
		};
		10ABFF611EF250950087F05F /* PBXTargetDependency */ = {
			isa = PBXTargetDependency;
			target = 10ABFF3F1EF250940087F05F /* UnsayMaau */;
			targetProxy = 10ABFF601EF250950087F05F /* PBXContainerItemProxy */;
		};
/* End PBXTargetDependency section */

/* Begin PBXVariantGroup section */
		10ABFF471EF250940087F05F /* Main.storyboard */ = {
			isa = PBXVariantGroup;
			children = (
				10ABFF481EF250940087F05F /* Base */,
			);
			name = Main.storyboard;
			sourceTree = "<group>";
		};
		10ABFF4C1EF250940087F05F /* LaunchScreen.storyboard */ = {
			isa = PBXVariantGroup;
			children = (
				10ABFF4D1EF250940087F05F /* Base */,
			);
			name = LaunchScreen.storyboard;
			sourceTree = "<group>";
		};
/* End PBXVariantGroup section */

/* Begin XCBuildConfiguration section */
		10ABFF661EF250950087F05F /* Debug */ = {
			isa = XCBuildConfiguration;
			buildSettings = {
				ALWAYS_SEARCH_USER_PATHS = NO;
				CLANG_ANALYZER_NONNULL = YES;
				CLANG_ANALYZER_NUMBER_OBJECT_CONVERSION = YES_AGGRESSIVE;
				CLANG_CXX_LANGUAGE_STANDARD = "gnu++0x";
				CLANG_CXX_LIBRARY = "libc++";
				CLANG_ENABLE_MODULES = YES;
				CLANG_ENABLE_OBJC_ARC = YES;
				CLANG_WARN_BOOL_CONVERSION = YES;
				CLANG_WARN_CONSTANT_CONVERSION = YES;
				CLANG_WARN_DIRECT_OBJC_ISA_USAGE = YES_ERROR;
				CLANG_WARN_DOCUMENTATION_COMMENTS = YES;
				CLANG_WARN_EMPTY_BODY = YES;
				CLANG_WARN_ENUM_CONVERSION = YES;
				CLANG_WARN_INFINITE_RECURSION = YES;
				CLANG_WARN_INT_CONVERSION = YES;
				CLANG_WARN_OBJC_ROOT_CLASS = YES_ERROR;
				CLANG_WARN_SUSPICIOUS_MOVE = YES;
				CLANG_WARN_UNREACHABLE_CODE = YES;
				CLANG_WARN__DUPLICATE_METHOD_MATCH = YES;
				"CODE_SIGN_IDENTITY[sdk=iphoneos*]" = "iPhone Developer";
				COPY_PHASE_STRIP = NO;
				DEBUG_INFORMATION_FORMAT = dwarf;
				ENABLE_STRICT_OBJC_MSGSEND = YES;
				ENABLE_TESTABILITY = YES;
				GCC_C_LANGUAGE_STANDARD = gnu99;
				GCC_DYNAMIC_NO_PIC = NO;
				GCC_NO_COMMON_BLOCKS = YES;
				GCC_OPTIMIZATION_LEVEL = 0;
				GCC_PREPROCESSOR_DEFINITIONS = (
					"DEBUG=1",
					"$(inherited)",
				);
				GCC_WARN_64_TO_32_BIT_CONVERSION = YES;
				GCC_WARN_ABOUT_RETURN_TYPE = YES_ERROR;
				GCC_WARN_UNDECLARED_SELECTOR = YES;
				GCC_WARN_UNINITIALIZED_AUTOS = YES_AGGRESSIVE;
				GCC_WARN_UNUSED_FUNCTION = YES;
				GCC_WARN_UNUSED_VARIABLE = YES;
				IPHONEOS_DEPLOYMENT_TARGET = 10.3;
				MTL_ENABLE_DEBUG_INFO = YES;
				ONLY_ACTIVE_ARCH = YES;
				SDKROOT = iphoneos;
				SWIFT_ACTIVE_COMPILATION_CONDITIONS = DEBUG;
				SWIFT_OPTIMIZATION_LEVEL = "-Onone";
				TARGETED_DEVICE_FAMILY = "1,2";
			};
			name = Debug;
		};
		10ABFF671EF250950087F05F /* Release */ = {
			isa = XCBuildConfiguration;
			buildSettings = {
				ALWAYS_SEARCH_USER_PATHS = NO;
				CLANG_ANALYZER_NONNULL = YES;
				CLANG_ANALYZER_NUMBER_OBJECT_CONVERSION = YES_AGGRESSIVE;
				CLANG_CXX_LANGUAGE_STANDARD = "gnu++0x";
				CLANG_CXX_LIBRARY = "libc++";
				CLANG_ENABLE_MODULES = YES;
				CLANG_ENABLE_OBJC_ARC = YES;
				CLANG_WARN_BOOL_CONVERSION = YES;
				CLANG_WARN_CONSTANT_CONVERSION = YES;
				CLANG_WARN_DIRECT_OBJC_ISA_USAGE = YES_ERROR;
				CLANG_WARN_DOCUMENTATION_COMMENTS = YES;
				CLANG_WARN_EMPTY_BODY = YES;
				CLANG_WARN_ENUM_CONVERSION = YES;
				CLANG_WARN_INFINITE_RECURSION = YES;
				CLANG_WARN_INT_CONVERSION = YES;
				CLANG_WARN_OBJC_ROOT_CLASS = YES_ERROR;
				CLANG_WARN_SUSPICIOUS_MOVE = YES;
				CLANG_WARN_UNREACHABLE_CODE = YES;
				CLANG_WARN__DUPLICATE_METHOD_MATCH = YES;
				"CODE_SIGN_IDENTITY[sdk=iphoneos*]" = "iPhone Developer";
				COPY_PHASE_STRIP = NO;
				DEBUG_INFORMATION_FORMAT = "dwarf-with-dsym";
				ENABLE_NS_ASSERTIONS = NO;
				ENABLE_STRICT_OBJC_MSGSEND = YES;
				GCC_C_LANGUAGE_STANDARD = gnu99;
				GCC_NO_COMMON_BLOCKS = YES;
				GCC_WARN_64_TO_32_BIT_CONVERSION = YES;
				GCC_WARN_ABOUT_RETURN_TYPE = YES_ERROR;
				GCC_WARN_UNDECLARED_SELECTOR = YES;
				GCC_WARN_UNINITIALIZED_AUTOS = YES_AGGRESSIVE;
				GCC_WARN_UNUSED_FUNCTION = YES;
				GCC_WARN_UNUSED_VARIABLE = YES;
				IPHONEOS_DEPLOYMENT_TARGET = 10.3;
				MTL_ENABLE_DEBUG_INFO = NO;
				SDKROOT = iphoneos;
				SWIFT_OPTIMIZATION_LEVEL = "-Owholemodule";
				TARGETED_DEVICE_FAMILY = "1,2";
				VALIDATE_PRODUCT = YES;
			};
			name = Release;
		};
		10ABFF691EF250950087F05F /* Debug */ = {
			isa = XCBuildConfiguration;
			baseConfigurationReference = 814EB9E6BA18B2B4E0530A80 /* Pods-UnsayMaau.debug.xcconfig */;
			buildSettings = {
				ASSETCATALOG_COMPILER_APPICON_NAME = AppIcon;
				INFOPLIST_FILE = UnsayMaau/Info.plist;
				LD_RUNPATH_SEARCH_PATHS = "$(inherited) @executable_path/Frameworks";
				PRODUCT_BUNDLE_IDENTIFIER = travel.UnsayMaau;
				PRODUCT_NAME = "$(TARGET_NAME)";
				SWIFT_VERSION = 3.0;
			};
			name = Debug;
		};
		10ABFF6A1EF250950087F05F /* Release */ = {
			isa = XCBuildConfiguration;
			baseConfigurationReference = 92A29CE36657E3059BB4B0E6 /* Pods-UnsayMaau.release.xcconfig */;
			buildSettings = {
				ASSETCATALOG_COMPILER_APPICON_NAME = AppIcon;
				INFOPLIST_FILE = UnsayMaau/Info.plist;
				LD_RUNPATH_SEARCH_PATHS = "$(inherited) @executable_path/Frameworks";
				PRODUCT_BUNDLE_IDENTIFIER = travel.UnsayMaau;
				PRODUCT_NAME = "$(TARGET_NAME)";
				SWIFT_VERSION = 3.0;
			};
			name = Release;
		};
		10ABFF6C1EF250950087F05F /* Debug */ = {
			isa = XCBuildConfiguration;
			baseConfigurationReference = 4359148D4201D62F217471DA /* Pods-UnsayMaauTests.debug.xcconfig */;
			buildSettings = {
				ALWAYS_EMBED_SWIFT_STANDARD_LIBRARIES = YES;
				BUNDLE_LOADER = "$(TEST_HOST)";
				INFOPLIST_FILE = UnsayMaauTests/Info.plist;
				LD_RUNPATH_SEARCH_PATHS = "$(inherited) @executable_path/Frameworks @loader_path/Frameworks";
				PRODUCT_BUNDLE_IDENTIFIER = travel.UnsayMaauTests;
				PRODUCT_NAME = "$(TARGET_NAME)";
				SWIFT_VERSION = 3.0;
				TEST_HOST = "$(BUILT_PRODUCTS_DIR)/UnsayMaau.app/UnsayMaau";
			};
			name = Debug;
		};
		10ABFF6D1EF250950087F05F /* Release */ = {
			isa = XCBuildConfiguration;
			baseConfigurationReference = 74EA516F617F9B7C8448DE15 /* Pods-UnsayMaauTests.release.xcconfig */;
			buildSettings = {
				ALWAYS_EMBED_SWIFT_STANDARD_LIBRARIES = YES;
				BUNDLE_LOADER = "$(TEST_HOST)";
				INFOPLIST_FILE = UnsayMaauTests/Info.plist;
				LD_RUNPATH_SEARCH_PATHS = "$(inherited) @executable_path/Frameworks @loader_path/Frameworks";
				PRODUCT_BUNDLE_IDENTIFIER = travel.UnsayMaauTests;
				PRODUCT_NAME = "$(TARGET_NAME)";
				SWIFT_VERSION = 3.0;
				TEST_HOST = "$(BUILT_PRODUCTS_DIR)/UnsayMaau.app/UnsayMaau";
			};
			name = Release;
		};
		10ABFF6F1EF250950087F05F /* Debug */ = {
			isa = XCBuildConfiguration;
			baseConfigurationReference = 1673A9EBECCD2AE697E814CE /* Pods-UnsayMaauUITests.debug.xcconfig */;
			buildSettings = {
				ALWAYS_EMBED_SWIFT_STANDARD_LIBRARIES = YES;
				INFOPLIST_FILE = UnsayMaauUITests/Info.plist;
				LD_RUNPATH_SEARCH_PATHS = "$(inherited) @executable_path/Frameworks @loader_path/Frameworks";
				PRODUCT_BUNDLE_IDENTIFIER = travel.UnsayMaauUITests;
				PRODUCT_NAME = "$(TARGET_NAME)";
				SWIFT_VERSION = 3.0;
				TEST_TARGET_NAME = UnsayMaau;
			};
			name = Debug;
		};
		10ABFF701EF250950087F05F /* Release */ = {
			isa = XCBuildConfiguration;
			baseConfigurationReference = F9D422119C34CE9FBC49A9F7 /* Pods-UnsayMaauUITests.release.xcconfig */;
			buildSettings = {
				ALWAYS_EMBED_SWIFT_STANDARD_LIBRARIES = YES;
				INFOPLIST_FILE = UnsayMaauUITests/Info.plist;
				LD_RUNPATH_SEARCH_PATHS = "$(inherited) @executable_path/Frameworks @loader_path/Frameworks";
				PRODUCT_BUNDLE_IDENTIFIER = travel.UnsayMaauUITests;
				PRODUCT_NAME = "$(TARGET_NAME)";
				SWIFT_VERSION = 3.0;
				TEST_TARGET_NAME = UnsayMaau;
			};
			name = Release;
		};
/* End XCBuildConfiguration section */

/* Begin XCConfigurationList section */
		10ABFF3B1EF250940087F05F /* Build configuration list for PBXProject "UnsayMaau" */ = {
			isa = XCConfigurationList;
			buildConfigurations = (
				10ABFF661EF250950087F05F /* Debug */,
				10ABFF671EF250950087F05F /* Release */,
			);
			defaultConfigurationIsVisible = 0;
			defaultConfigurationName = Release;
		};
		10ABFF681EF250950087F05F /* Build configuration list for PBXNativeTarget "UnsayMaau" */ = {
			isa = XCConfigurationList;
			buildConfigurations = (
				10ABFF691EF250950087F05F /* Debug */,
				10ABFF6A1EF250950087F05F /* Release */,
			);
			defaultConfigurationIsVisible = 0;
			defaultConfigurationName = Release;
		};
		10ABFF6B1EF250950087F05F /* Build configuration list for PBXNativeTarget "UnsayMaauTests" */ = {
			isa = XCConfigurationList;
			buildConfigurations = (
				10ABFF6C1EF250950087F05F /* Debug */,
				10ABFF6D1EF250950087F05F /* Release */,
			);
			defaultConfigurationIsVisible = 0;
			defaultConfigurationName = Release;
		};
		10ABFF6E1EF250950087F05F /* Build configuration list for PBXNativeTarget "UnsayMaauUITests" */ = {
			isa = XCConfigurationList;
			buildConfigurations = (
				10ABFF6F1EF250950087F05F /* Debug */,
				10ABFF701EF250950087F05F /* Release */,
			);
			defaultConfigurationIsVisible = 0;
			defaultConfigurationName = Release;
		};
/* End XCConfigurationList section */
	};
	rootObject = 10ABFF381EF250940087F05F /* Project object */;
}
